// !$*UTF8*$!
{
	archiveVersion = 1;
	classes = {
	};
	objectVersion = 56;
	objects = {

/* Begin PBXBuildFile section */
		B815AE252A920E0E008A9338 /* NFCTagReaderView.swift in Sources */ = {isa = PBXBuildFile; fileRef = B815AE242A920E0E008A9338 /* NFCTagReaderView.swift */; };
		B82682302A8F5AB900A3BF4F /* NFCTagIOApp.swift in Sources */ = {isa = PBXBuildFile; fileRef = B826822F2A8F5AB900A3BF4F /* NFCTagIOApp.swift */; };
		B82682322A8F5AB900A3BF4F /* NFCNDEFReaderView.swift in Sources */ = {isa = PBXBuildFile; fileRef = B82682312A8F5AB900A3BF4F /* NFCNDEFReaderView.swift */; };
		B82682342A8F5ABC00A3BF4F /* Assets.xcassets in Resources */ = {isa = PBXBuildFile; fileRef = B82682332A8F5ABC00A3BF4F /* Assets.xcassets */; };
		B82682372A8F5ABC00A3BF4F /* Preview Assets.xcassets in Resources */ = {isa = PBXBuildFile; fileRef = B82682362A8F5ABC00A3BF4F /* Preview Assets.xcassets */; };
		B829855D2A90907B005A27DB /* LocalizedErrorModel.swift in Sources */ = {isa = PBXBuildFile; fileRef = B829855C2A90907B005A27DB /* LocalizedErrorModel.swift */; };
		B829855F2A90B101005A27DB /* NFCNDEFMessageView.swift in Sources */ = {isa = PBXBuildFile; fileRef = B829855E2A90B101005A27DB /* NFCNDEFMessageView.swift */; };
		B862E26D2A91BECE0018812B /* NFCNDEFPayload+App.swift in Sources */ = {isa = PBXBuildFile; fileRef = B862E26C2A91BECE0018812B /* NFCNDEFPayload+App.swift */; };
		B862E2732A91F5DD0018812B /* ByteCountFormatter+App.swift in Sources */ = {isa = PBXBuildFile; fileRef = B862E2722A91F5DD0018812B /* ByteCountFormatter+App.swift */; };
		B862E2752A91F6050018812B /* NFCNDEFMessage+App.swift in Sources */ = {isa = PBXBuildFile; fileRef = B862E2742A91F6050018812B /* NFCNDEFMessage+App.swift */; };
		B8B37E7C2A8F5EBE00D58756 /* NFCTagIO in Frameworks */ = {isa = PBXBuildFile; productRef = B8B37E7B2A8F5EBE00D58756 /* NFCTagIO */; };
/* End PBXBuildFile section */

/* Begin PBXFileReference section */
		B815AE242A920E0E008A9338 /* NFCTagReaderView.swift */ = {isa = PBXFileReference; fileEncoding = 4; lastKnownFileType = sourcecode.swift; path = NFCTagReaderView.swift; sourceTree = "<group>"; };
		B826822C2A8F5AB900A3BF4F /* NFCTagIOApp.app */ = {isa = PBXFileReference; explicitFileType = wrapper.application; includeInIndex = 0; path = NFCTagIOApp.app; sourceTree = BUILT_PRODUCTS_DIR; };
		B826822F2A8F5AB900A3BF4F /* NFCTagIOApp.swift */ = {isa = PBXFileReference; lastKnownFileType = sourcecode.swift; path = NFCTagIOApp.swift; sourceTree = "<group>"; };
		B82682312A8F5AB900A3BF4F /* NFCNDEFReaderView.swift */ = {isa = PBXFileReference; lastKnownFileType = sourcecode.swift; path = NFCNDEFReaderView.swift; sourceTree = "<group>"; };
		B82682332A8F5ABC00A3BF4F /* Assets.xcassets */ = {isa = PBXFileReference; lastKnownFileType = folder.assetcatalog; path = Assets.xcassets; sourceTree = "<group>"; };
		B82682362A8F5ABC00A3BF4F /* Preview Assets.xcassets */ = {isa = PBXFileReference; lastKnownFileType = folder.assetcatalog; path = "Preview Assets.xcassets"; sourceTree = "<group>"; };
		B826823D2A8F5B9500A3BF4F /* NFCTagIO */ = {isa = PBXFileReference; lastKnownFileType = wrapper; name = NFCTagIO; path = ..; sourceTree = "<group>"; };
		B829855C2A90907B005A27DB /* LocalizedErrorModel.swift */ = {isa = PBXFileReference; lastKnownFileType = sourcecode.swift; path = LocalizedErrorModel.swift; sourceTree = "<group>"; };
		B829855E2A90B101005A27DB /* NFCNDEFMessageView.swift */ = {isa = PBXFileReference; lastKnownFileType = sourcecode.swift; path = NFCNDEFMessageView.swift; sourceTree = "<group>"; };
		B862E26C2A91BECE0018812B /* NFCNDEFPayload+App.swift */ = {isa = PBXFileReference; lastKnownFileType = sourcecode.swift; path = "NFCNDEFPayload+App.swift"; sourceTree = "<group>"; };
		B862E2722A91F5DD0018812B /* ByteCountFormatter+App.swift */ = {isa = PBXFileReference; lastKnownFileType = sourcecode.swift; path = "ByteCountFormatter+App.swift"; sourceTree = "<group>"; };
		B862E2742A91F6050018812B /* NFCNDEFMessage+App.swift */ = {isa = PBXFileReference; lastKnownFileType = sourcecode.swift; path = "NFCNDEFMessage+App.swift"; sourceTree = "<group>"; };
		B8B37E832A8FC1E400D58756 /* NFCTagIOApp.entitlements */ = {isa = PBXFileReference; lastKnownFileType = text.plist.entitlements; path = NFCTagIOApp.entitlements; sourceTree = "<group>"; };
/* End PBXFileReference section */

/* Begin PBXFrameworksBuildPhase section */
		B82682292A8F5AB900A3BF4F /* Frameworks */ = {
			isa = PBXFrameworksBuildPhase;
			buildActionMask = 2147483647;
			files = (
				B8B37E7C2A8F5EBE00D58756 /* NFCTagIO in Frameworks */,
			);
			runOnlyForDeploymentPostprocessing = 0;
		};
/* End PBXFrameworksBuildPhase section */

/* Begin PBXGroup section */
		B815AE262A920E15008A9338 /* View */ = {
			isa = PBXGroup;
			children = (
				B815AE282A92111C008A9338 /*  NFCNDEF */,
				B815AE292A921125008A9338 /*  NFCTag */,
			);
			path = View;
			sourceTree = "<group>";
		};
		B815AE272A920E2E008A9338 /* Entry */ = {
			isa = PBXGroup;
			children = (
				B826822F2A8F5AB900A3BF4F /* NFCTagIOApp.swift */,
			);
			path = Entry;
			sourceTree = "<group>";
		};
		B815AE282A92111C008A9338 /*  NFCNDEF */ = {
			isa = PBXGroup;
			children = (
				B82682312A8F5AB900A3BF4F /* NFCNDEFReaderView.swift */,
				B829855E2A90B101005A27DB /* NFCNDEFMessageView.swift */,
			);
			path = " NFCNDEF";
			sourceTree = "<group>";
		};
		B815AE292A921125008A9338 /*  NFCTag */ = {
			isa = PBXGroup;
			children = (
				B815AE242A920E0E008A9338 /* NFCTagReaderView.swift */,
			);
			path = " NFCTag";
			sourceTree = "<group>";
		};
		B82682232A8F5AB900A3BF4F = {
			isa = PBXGroup;
			children = (
				B8B37E832A8FC1E400D58756 /* NFCTagIOApp.entitlements */,
				B826823D2A8F5B9500A3BF4F /* NFCTagIO */,
				B826822E2A8F5AB900A3BF4F /* iOS */,
				B826822D2A8F5AB900A3BF4F /* Products */,
				B8B37E7A2A8F5EBE00D58756 /* Frameworks */,
			);
			sourceTree = "<group>";
		};
		B826822D2A8F5AB900A3BF4F /* Products */ = {
			isa = PBXGroup;
			children = (
				B826822C2A8F5AB900A3BF4F /* NFCTagIOApp.app */,
			);
			name = Products;
			sourceTree = "<group>";
		};
		B826822E2A8F5AB900A3BF4F /* iOS */ = {
			isa = PBXGroup;
			children = (
				B815AE272A920E2E008A9338 /* Entry */,
				B815AE262A920E15008A9338 /* View */,
				B862E2692A91BDD30018812B /* Extension */,
				B82985512A907546005A27DB /* Util */,
				B82682332A8F5ABC00A3BF4F /* Assets.xcassets */,
				B82682352A8F5ABC00A3BF4F /* Preview Content */,
			);
			path = iOS;
			sourceTree = "<group>";
		};
		B82682352A8F5ABC00A3BF4F /* Preview Content */ = {
			isa = PBXGroup;
			children = (
				B82682362A8F5ABC00A3BF4F /* Preview Assets.xcassets */,
			);
			path = "Preview Content";
			sourceTree = "<group>";
		};
		B82985512A907546005A27DB /* Util */ = {
			isa = PBXGroup;
			children = (
				B829855C2A90907B005A27DB /* LocalizedErrorModel.swift */,
			);
			path = Util;
			sourceTree = "<group>";
		};
		B862E2692A91BDD30018812B /* Extension */ = {
			isa = PBXGroup;
			children = (
				B862E26E2A91BEDB0018812B /* Foundation */,
				B862E26F2A91BEE00018812B /* CoreNFC */,
			);
			path = Extension;
			sourceTree = "<group>";
		};
		B862E26E2A91BEDB0018812B /* Foundation */ = {
			isa = PBXGroup;
			children = (
				B862E2722A91F5DD0018812B /* ByteCountFormatter+App.swift */,
			);
			path = Foundation;
			sourceTree = "<group>";
		};
		B862E26F2A91BEE00018812B /* CoreNFC */ = {
			isa = PBXGroup;
			children = (
				B862E26C2A91BECE0018812B /* NFCNDEFPayload+App.swift */,
				B862E2742A91F6050018812B /* NFCNDEFMessage+App.swift */,
			);
			path = CoreNFC;
			sourceTree = "<group>";
		};
		B8B37E7A2A8F5EBE00D58756 /* Frameworks */ = {
			isa = PBXGroup;
			children = (
			);
			name = Frameworks;
			sourceTree = "<group>";
		};
/* End PBXGroup section */

/* Begin PBXNativeTarget section */
		B826822B2A8F5AB900A3BF4F /* NFCTagIOApp */ = {
			isa = PBXNativeTarget;
			buildConfigurationList = B826823A2A8F5ABC00A3BF4F /* Build configuration list for PBXNativeTarget "NFCTagIOApp" */;
			buildPhases = (
				B82682282A8F5AB900A3BF4F /* Sources */,
				B82682292A8F5AB900A3BF4F /* Frameworks */,
				B826822A2A8F5AB900A3BF4F /* Resources */,
			);
			buildRules = (
			);
			dependencies = (
			);
			name = NFCTagIOApp;
			packageProductDependencies = (
				B8B37E7B2A8F5EBE00D58756 /* NFCTagIO */,
			);
			productName = NFCTagIO;
			productReference = B826822C2A8F5AB900A3BF4F /* NFCTagIOApp.app */;
			productType = "com.apple.product-type.application";
		};
/* End PBXNativeTarget section */

/* Begin PBXProject section */
		B82682242A8F5AB900A3BF4F /* Project object */ = {
			isa = PBXProject;
			attributes = {
				BuildIndependentTargetsInParallel = 1;
				LastSwiftUpdateCheck = 1500;
				LastUpgradeCheck = 1500;
				TargetAttributes = {
					B826822B2A8F5AB900A3BF4F = {
						CreatedOnToolsVersion = 15.0;
					};
				};
			};
			buildConfigurationList = B82682272A8F5AB900A3BF4F /* Build configuration list for PBXProject "NFCTagIOApp" */;
			compatibilityVersion = "Xcode 14.0";
			developmentRegion = en;
			hasScannedForEncodings = 0;
			knownRegions = (
				en,
				Base,
			);
			mainGroup = B82682232A8F5AB900A3BF4F;
			productRefGroup = B826822D2A8F5AB900A3BF4F /* Products */;
			projectDirPath = "";
			projectRoot = "";
			targets = (
				B826822B2A8F5AB900A3BF4F /* NFCTagIOApp */,
			);
		};
/* End PBXProject section */

/* Begin PBXResourcesBuildPhase section */
		B826822A2A8F5AB900A3BF4F /* Resources */ = {
			isa = PBXResourcesBuildPhase;
			buildActionMask = 2147483647;
			files = (
				B82682372A8F5ABC00A3BF4F /* Preview Assets.xcassets in Resources */,
				B82682342A8F5ABC00A3BF4F /* Assets.xcassets in Resources */,
			);
			runOnlyForDeploymentPostprocessing = 0;
		};
/* End PBXResourcesBuildPhase section */

/* Begin PBXSourcesBuildPhase section */
		B82682282A8F5AB900A3BF4F /* Sources */ = {
			isa = PBXSourcesBuildPhase;
			buildActionMask = 2147483647;
			files = (
				B82682322A8F5AB900A3BF4F /* NFCNDEFReaderView.swift in Sources */,
				B862E2752A91F6050018812B /* NFCNDEFMessage+App.swift in Sources */,
				B815AE252A920E0E008A9338 /* NFCTagReaderView.swift in Sources */,
				B829855D2A90907B005A27DB /* LocalizedErrorModel.swift in Sources */,
				B829855F2A90B101005A27DB /* NFCNDEFMessageView.swift in Sources */,
				B862E2732A91F5DD0018812B /* ByteCountFormatter+App.swift in Sources */,
				B82682302A8F5AB900A3BF4F /* NFCTagIOApp.swift in Sources */,
				B862E26D2A91BECE0018812B /* NFCNDEFPayload+App.swift in Sources */,
			);
			runOnlyForDeploymentPostprocessing = 0;
		};
/* End PBXSourcesBuildPhase section */

/* Begin XCBuildConfiguration section */
		B82682382A8F5ABC00A3BF4F /* Debug */ = {
			isa = XCBuildConfiguration;
			buildSettings = {
				ALWAYS_SEARCH_USER_PATHS = NO;
				ASSETCATALOG_COMPILER_GENERATE_SWIFT_ASSET_SYMBOL_EXTENSIONS = YES;
				CLANG_ANALYZER_NONNULL = YES;
				CLANG_ANALYZER_NUMBER_OBJECT_CONVERSION = YES_AGGRESSIVE;
				CLANG_CXX_LANGUAGE_STANDARD = "gnu++20";
				CLANG_ENABLE_MODULES = YES;
				CLANG_ENABLE_OBJC_ARC = YES;
				CLANG_ENABLE_OBJC_WEAK = YES;
				CLANG_WARN_BLOCK_CAPTURE_AUTORELEASING = YES;
				CLANG_WARN_BOOL_CONVERSION = YES;
				CLANG_WARN_COMMA = YES;
				CLANG_WARN_CONSTANT_CONVERSION = YES;
				CLANG_WARN_DEPRECATED_OBJC_IMPLEMENTATIONS = YES;
				CLANG_WARN_DIRECT_OBJC_ISA_USAGE = YES_ERROR;
				CLANG_WARN_DOCUMENTATION_COMMENTS = YES;
				CLANG_WARN_EMPTY_BODY = YES;
				CLANG_WARN_ENUM_CONVERSION = YES;
				CLANG_WARN_INFINITE_RECURSION = YES;
				CLANG_WARN_INT_CONVERSION = YES;
				CLANG_WARN_NON_LITERAL_NULL_CONVERSION = YES;
				CLANG_WARN_OBJC_IMPLICIT_RETAIN_SELF = YES;
				CLANG_WARN_OBJC_LITERAL_CONVERSION = YES;
				CLANG_WARN_OBJC_ROOT_CLASS = YES_ERROR;
				CLANG_WARN_QUOTED_INCLUDE_IN_FRAMEWORK_HEADER = YES;
				CLANG_WARN_RANGE_LOOP_ANALYSIS = YES;
				CLANG_WARN_STRICT_PROTOTYPES = YES;
				CLANG_WARN_SUSPICIOUS_MOVE = YES;
				CLANG_WARN_UNGUARDED_AVAILABILITY = YES_AGGRESSIVE;
				CLANG_WARN_UNREACHABLE_CODE = YES;
				CLANG_WARN__DUPLICATE_METHOD_MATCH = YES;
				COPY_PHASE_STRIP = NO;
				DEBUG_INFORMATION_FORMAT = dwarf;
				ENABLE_STRICT_OBJC_MSGSEND = YES;
				ENABLE_TESTABILITY = YES;
				ENABLE_USER_SCRIPT_SANDBOXING = YES;
				GCC_C_LANGUAGE_STANDARD = gnu17;
				GCC_DYNAMIC_NO_PIC = NO;
				GCC_NO_COMMON_BLOCKS = YES;
				GCC_OPTIMIZATION_LEVEL = 0;
				GCC_PREPROCESSOR_DEFINITIONS = (
					"DEBUG=1",
					"$(inherited)",
				);
				GCC_WARN_64_TO_32_BIT_CONVERSION = YES;
				GCC_WARN_ABOUT_RETURN_TYPE = YES_ERROR;
				GCC_WARN_UNDECLARED_SELECTOR = YES;
				GCC_WARN_UNINITIALIZED_AUTOS = YES_AGGRESSIVE;
				GCC_WARN_UNUSED_FUNCTION = YES;
				GCC_WARN_UNUSED_VARIABLE = YES;
				IPHONEOS_DEPLOYMENT_TARGET = 17.0;
				LOCALIZATION_PREFERS_STRING_CATALOGS = YES;
				MTL_ENABLE_DEBUG_INFO = INCLUDE_SOURCE;
				MTL_FAST_MATH = YES;
				ONLY_ACTIVE_ARCH = YES;
				SDKROOT = iphoneos;
				SWIFT_ACTIVE_COMPILATION_CONDITIONS = "DEBUG $(inherited)";
				SWIFT_OPTIMIZATION_LEVEL = "-Onone";
			};
			name = Debug;
		};
		B82682392A8F5ABC00A3BF4F /* Release */ = {
			isa = XCBuildConfiguration;
			buildSettings = {
				ALWAYS_SEARCH_USER_PATHS = NO;
				ASSETCATALOG_COMPILER_GENERATE_SWIFT_ASSET_SYMBOL_EXTENSIONS = YES;
				CLANG_ANALYZER_NONNULL = YES;
				CLANG_ANALYZER_NUMBER_OBJECT_CONVERSION = YES_AGGRESSIVE;
				CLANG_CXX_LANGUAGE_STANDARD = "gnu++20";
				CLANG_ENABLE_MODULES = YES;
				CLANG_ENABLE_OBJC_ARC = YES;
				CLANG_ENABLE_OBJC_WEAK = YES;
				CLANG_WARN_BLOCK_CAPTURE_AUTORELEASING = YES;
				CLANG_WARN_BOOL_CONVERSION = YES;
				CLANG_WARN_COMMA = YES;
				CLANG_WARN_CONSTANT_CONVERSION = YES;
				CLANG_WARN_DEPRECATED_OBJC_IMPLEMENTATIONS = YES;
				CLANG_WARN_DIRECT_OBJC_ISA_USAGE = YES_ERROR;
				CLANG_WARN_DOCUMENTATION_COMMENTS = YES;
				CLANG_WARN_EMPTY_BODY = YES;
				CLANG_WARN_ENUM_CONVERSION = YES;
				CLANG_WARN_INFINITE_RECURSION = YES;
				CLANG_WARN_INT_CONVERSION = YES;
				CLANG_WARN_NON_LITERAL_NULL_CONVERSION = YES;
				CLANG_WARN_OBJC_IMPLICIT_RETAIN_SELF = YES;
				CLANG_WARN_OBJC_LITERAL_CONVERSION = YES;
				CLANG_WARN_OBJC_ROOT_CLASS = YES_ERROR;
				CLANG_WARN_QUOTED_INCLUDE_IN_FRAMEWORK_HEADER = YES;
				CLANG_WARN_RANGE_LOOP_ANALYSIS = YES;
				CLANG_WARN_STRICT_PROTOTYPES = YES;
				CLANG_WARN_SUSPICIOUS_MOVE = YES;
				CLANG_WARN_UNGUARDED_AVAILABILITY = YES_AGGRESSIVE;
				CLANG_WARN_UNREACHABLE_CODE = YES;
				CLANG_WARN__DUPLICATE_METHOD_MATCH = YES;
				COPY_PHASE_STRIP = NO;
				DEBUG_INFORMATION_FORMAT = "dwarf-with-dsym";
				ENABLE_NS_ASSERTIONS = NO;
				ENABLE_STRICT_OBJC_MSGSEND = YES;
				ENABLE_USER_SCRIPT_SANDBOXING = YES;
				GCC_C_LANGUAGE_STANDARD = gnu17;
				GCC_NO_COMMON_BLOCKS = YES;
				GCC_WARN_64_TO_32_BIT_CONVERSION = YES;
				GCC_WARN_ABOUT_RETURN_TYPE = YES_ERROR;
				GCC_WARN_UNDECLARED_SELECTOR = YES;
				GCC_WARN_UNINITIALIZED_AUTOS = YES_AGGRESSIVE;
				GCC_WARN_UNUSED_FUNCTION = YES;
				GCC_WARN_UNUSED_VARIABLE = YES;
				IPHONEOS_DEPLOYMENT_TARGET = 17.0;
				LOCALIZATION_PREFERS_STRING_CATALOGS = YES;
				MTL_ENABLE_DEBUG_INFO = NO;
				MTL_FAST_MATH = YES;
				SDKROOT = iphoneos;
				SWIFT_COMPILATION_MODE = wholemodule;
				VALIDATE_PRODUCT = YES;
			};
			name = Release;
		};
		B826823B2A8F5ABC00A3BF4F /* Debug */ = {
			isa = XCBuildConfiguration;
			buildSettings = {
				ASSETCATALOG_COMPILER_APPICON_NAME = AppIcon;
				ASSETCATALOG_COMPILER_GLOBAL_ACCENT_COLOR_NAME = AccentColor;
				CODE_SIGN_ENTITLEMENTS = NFCTagIOApp.entitlements;
				CODE_SIGN_STYLE = Automatic;
				CURRENT_PROJECT_VERSION = 1;
				DEVELOPMENT_ASSET_PATHS = "\"iOS/Preview Content\"";
				DEVELOPMENT_TEAM = R7YY29B6T8;
				ENABLE_PREVIEWS = YES;
				GENERATE_INFOPLIST_FILE = YES;
				INFOPLIST_KEY_NFCReaderUsageDescription = "NFC tag to read NDEF messages into the application";
				INFOPLIST_KEY_UIApplicationSceneManifest_Generation = YES;
				INFOPLIST_KEY_UIApplicationSupportsIndirectInputEvents = YES;
				INFOPLIST_KEY_UILaunchScreen_Generation = YES;
				INFOPLIST_KEY_UISupportedInterfaceOrientations_iPad = "UIInterfaceOrientationPortrait UIInterfaceOrientationPortraitUpsideDown UIInterfaceOrientationLandscapeLeft UIInterfaceOrientationLandscapeRight";
				INFOPLIST_KEY_UISupportedInterfaceOrientations_iPhone = "UIInterfaceOrientationPortrait UIInterfaceOrientationLandscapeLeft UIInterfaceOrientationLandscapeRight";
				LD_RUNPATH_SEARCH_PATHS = (
					"$(inherited)",
					"@executable_path/Frameworks",
				);
				MARKETING_VERSION = 1.0;
				PRODUCT_BUNDLE_IDENTIFIER = com.yusuga.NFCTagIOApp;
				PRODUCT_NAME = "$(TARGET_NAME)";
				SWIFT_EMIT_LOC_STRINGS = YES;
				SWIFT_VERSION = 5.0;
				TARGETED_DEVICE_FAMILY = "1,2";
			};
			name = Debug;
		};
		B826823C2A8F5ABC00A3BF4F /* Release */ = {
			isa = XCBuildConfiguration;
			buildSettings = {
				ASSETCATALOG_COMPILER_APPICON_NAME = AppIcon;
				ASSETCATALOG_COMPILER_GLOBAL_ACCENT_COLOR_NAME = AccentColor;
				CODE_SIGN_ENTITLEMENTS = NFCTagIOApp.entitlements;
				CODE_SIGN_STYLE = Automatic;
				CURRENT_PROJECT_VERSION = 1;
				DEVELOPMENT_ASSET_PATHS = "\"iOS/Preview Content\"";
				DEVELOPMENT_TEAM = R7YY29B6T8;
				ENABLE_PREVIEWS = YES;
				GENERATE_INFOPLIST_FILE = YES;
				INFOPLIST_KEY_NFCReaderUsageDescription = "NFC tag to read NDEF messages into the application";
				INFOPLIST_KEY_UIApplicationSceneManifest_Generation = YES;
				INFOPLIST_KEY_UIApplicationSupportsIndirectInputEvents = YES;
				INFOPLIST_KEY_UILaunchScreen_Generation = YES;
				INFOPLIST_KEY_UISupportedInterfaceOrientations_iPad = "UIInterfaceOrientationPortrait UIInterfaceOrientationPortraitUpsideDown UIInterfaceOrientationLandscapeLeft UIInterfaceOrientationLandscapeRight";
				INFOPLIST_KEY_UISupportedInterfaceOrientations_iPhone = "UIInterfaceOrientationPortrait UIInterfaceOrientationLandscapeLeft UIInterfaceOrientationLandscapeRight";
				LD_RUNPATH_SEARCH_PATHS = (
					"$(inherited)",
					"@executable_path/Frameworks",
				);
				MARKETING_VERSION = 1.0;
				PRODUCT_BUNDLE_IDENTIFIER = com.yusuga.NFCTagIOApp;
				PRODUCT_NAME = "$(TARGET_NAME)";
				SWIFT_EMIT_LOC_STRINGS = YES;
				SWIFT_VERSION = 5.0;
				TARGETED_DEVICE_FAMILY = "1,2";
			};
			name = Release;
		};
/* End XCBuildConfiguration section */

/* Begin XCConfigurationList section */
		B82682272A8F5AB900A3BF4F /* Build configuration list for PBXProject "NFCTagIOApp" */ = {
			isa = XCConfigurationList;
			buildConfigurations = (
				B82682382A8F5ABC00A3BF4F /* Debug */,
				B82682392A8F5ABC00A3BF4F /* Release */,
			);
			defaultConfigurationIsVisible = 0;
			defaultConfigurationName = Release;
		};
		B826823A2A8F5ABC00A3BF4F /* Build configuration list for PBXNativeTarget "NFCTagIOApp" */ = {
			isa = XCConfigurationList;
			buildConfigurations = (
				B826823B2A8F5ABC00A3BF4F /* Debug */,
				B826823C2A8F5ABC00A3BF4F /* Release */,
			);
			defaultConfigurationIsVisible = 0;
			defaultConfigurationName = Release;
		};
/* End XCConfigurationList section */

/* Begin XCSwiftPackageProductDependency section */
		B8B37E7B2A8F5EBE00D58756 /* NFCTagIO */ = {
			isa = XCSwiftPackageProductDependency;
			productName = NFCTagIO;
		};
/* End XCSwiftPackageProductDependency section */
	};
	rootObject = B82682242A8F5AB900A3BF4F /* Project object */;
}
